
Microsoft Visual Studio Solution File, Format Version 12.00
# Visual Studio Version 17
VisualStudioVersion = 17.6.33417.168
MinimumVisualStudioVersion = 10.0.40219.1
Project("{9A19103F-16F7-4668-BE54-9A1E7A4F7556}") = "BitcoinOrdinal.netcore", "BitcoinOrdinal.netcore.csproj", "{45FE20E2-84FC-4398-BC78-3D430F4EA125}"
EndProject
Project("{9A19103F-16F7-4668-BE54-9A1E7A4F7556}") = "BitcoinOrdinal.netcore.test", "..\ordinal_inscription.netcore.test\BitcoinOrdinal.netcore.test.csproj", "{45E8D803-A44D-47F2-BD31-DEDDD00E892A}"
EndProject
Global
	GlobalSection(SolutionConfigurationPlatforms) = preSolution
		Debug|Any CPU = Debug|Any CPU
		Release|Any CPU = Release|Any CPU
	EndGlobalSection
	GlobalSection(ProjectConfigurationPlatforms) = postSolution
		{45FE20E2-84FC-4398-BC78-3D430F4EA125}.Debug|Any CPU.ActiveCfg = Debug|Any CPU
		{45FE20E2-84FC-4398-BC78-3D430F4EA125}.Debug|Any CPU.Build.0 = Debug|Any CPU
		{45FE20E2-84FC-4398-BC78-3D430F4EA125}.Release|Any CPU.ActiveCfg = Release|Any CPU
		{45FE20E2-84FC-4398-BC78-3D430F4EA125}.Release|Any CPU.Build.0 = Release|Any CPU
		{45E8D803-A44D-47F2-BD31-DEDDD00E892A}.Debug|Any CPU.ActiveCfg = Debug|Any CPU
		{45E8D803-A44D-47F2-BD31-DEDDD00E892A}.Debug|Any CPU.Build.0 = Debug|Any CPU
		{45E8D803-A44D-47F2-BD31-DEDDD00E892A}.Release|Any CPU.ActiveCfg = Release|Any CPU
		{45E8D803-A44D-47F2-BD31-DEDDD00E892A}.Release|Any CPU.Build.0 = Release|Any CPU
	EndGlobalSection
	GlobalSection(SolutionProperties) = preSolution
		HideSolutionNode = FALSE
	EndGlobalSection
	GlobalSection(ExtensibilityGlobals) = postSolution
		SolutionGuid = {8D4A39C0-3925-420E-899F-34BDD910C347}
	EndGlobalSection
EndGlobal
